// !$*UTF8*$!
{
	archiveVersion = 1;
	classes = {
	};
	objectVersion = 46;
	objects = {
/* Begin PBXBuildFile section */
		0207DA581B56EA530066E2B4 /* Images.xcassets in Resources */ = {isa = PBXBuildFile; fileRef = 0207DA571B56EA530066E2B4 /* Images.xcassets */; };
		1D3623260D0F684500981E51 /* AppDelegate.m in Sources */ = {isa = PBXBuildFile; fileRef = 1D3623250D0F684500981E51 /* AppDelegate.m */; };
		1D60589B0D05DD56006BFB54 /* main.m in Sources */ = {isa = PBXBuildFile; fileRef = 29B97316FDCFA39411CA2CEA /* main.m */; };
		301BF552109A68D80062928A /* libCordova.a in Frameworks */ = {isa = PBXBuildFile; fileRef = 301BF535109A57CC0062928A /* libCordova.a */; };
		302D95F114D2391D003F00A1 /* MainViewController.m in Sources */ = {isa = PBXBuildFile; fileRef = 302D95EF14D2391D003F00A1 /* MainViewController.m */; };
		302D95F214D2391D003F00A1 /* MainViewController.xib in Resources */ = {isa = PBXBuildFile; fileRef = 302D95F014D2391D003F00A1 /* MainViewController.xib */; };
		33CA1BDD9C314D58AEA6D8E4 /* UserNotifications.framework in Frameworks */ = {isa = PBXBuildFile; fileRef = E55288F0003947E69908C37A /* UserNotifications.framework */; };
		5568B2CBD58246E7847D5C09 /* ImageIO.framework in Frameworks */ = {isa = PBXBuildFile; fileRef = F75F9637281B4C4FAF224B46 /* ImageIO.framework */; settings = {ATTRIBUTES = (Weak, ); }; };
		59F844D5AB734AD8BBEDD1C0 /* AVFoundation.framework in Frameworks */ = {isa = PBXBuildFile; fileRef = 47F2B48387174B098E608F9C /* AVFoundation.framework */; };
		79A3FC8900E64A3D96E78A6F /* AddressBookUI.framework in Frameworks */ = {isa = PBXBuildFile; fileRef = 861FFCE0D0434645A3BA7C6C /* AddressBookUI.framework */; settings = {ATTRIBUTES = (Weak, ); }; };
		7E6FF77849B2411791A85E3F /* libz.tbd in Frameworks */ = {isa = PBXBuildFile; fileRef = 829FCAD7EF4C494985EB2512 /* libz.tbd */; };
		82F442B5A501493EBA379B16 /* SystemConfiguration.framework in Frameworks */ = {isa = PBXBuildFile; fileRef = 7165C6ACB7F0499AB48B8D3F /* SystemConfiguration.framework */; settings = {ATTRIBUTES = (Weak, ); }; };
		84462E981FD14F3F85AD832C /* CoreLocation.framework in Frameworks */ = {isa = PBXBuildFile; fileRef = C6C43C99E33049F19E11194B /* CoreLocation.framework */; };
		99284713E4944BF1940F1BFA /* AddressBook.framework in Frameworks */ = {isa = PBXBuildFile; fileRef = 03AA3C4524224D51B30F5A1C /* AddressBook.framework */; settings = {ATTRIBUTES = (Weak, ); }; };
		A2B58A7562B042A1B1915D69 /* AudioToolbox.framework in Frameworks */ = {isa = PBXBuildFile; fileRef = FC39BE0CEC494B7D987A403B /* AudioToolbox.framework */; settings = {ATTRIBUTES = (Weak, ); }; };
		D0CC052A937D46E489D7808B /* CoreTelephony.framework in Frameworks */ = {isa = PBXBuildFile; fileRef = 743681D8B7754F22931203D8 /* CoreTelephony.framework */; };
		E0B78F27E1EE40DDB10CC871 /* CoreMotion.framework in Frameworks */ = {isa = PBXBuildFile; fileRef = BD57A6FF5C70403194CE1A8E /* CoreMotion.framework */; };
		16968745176044679BDED488 /* CDVBattery.m in Sources */ = {isa = PBXBuildFile; fileRef = 716531BB057543C49B643F40 /* CDVBattery.m */; };
		5B430F0EB8BF4DC48678E4FB /* UIImage+CropScaleOrientation.m in Sources */ = {isa = PBXBuildFile; fileRef = 57DB59363E884F6F8E9CEEB1 /* UIImage+CropScaleOrientation.m */; };
		8585CF5250044D75B55413EB /* CDVCamera.m in Sources */ = {isa = PBXBuildFile; fileRef = 170FDABC756944D2914FBD4E /* CDVCamera.m */; };
		98D182968E834730B3E59869 /* CDVJpegHeaderWriter.m in Sources */ = {isa = PBXBuildFile; fileRef = ECF3346A70F34F8EA648F43F /* CDVJpegHeaderWriter.m */; };
		AD9EE2E126514D7895C9A6C3 /* CDVLogger.m in Sources */ = {isa = PBXBuildFile; fileRef = 6BA7DCD7B16C47A0972F1D5F /* CDVLogger.m */; };
		D884955458FB4776A8F427FD /* CDVContacts.m in Sources */ = {isa = PBXBuildFile; fileRef = 49E0A5E9DBAA4EF5801DA084 /* CDVContacts.m */; };
		2C721170AF3440D2BECCA01E /* CDVContact.m in Sources */ = {isa = PBXBuildFile; fileRef = CFF4D6FFA94F491D8836ECD2 /* CDVContact.m */; };
		EC69AB9DA6DD49A6B2C6D734 /* CDVAccelerometer.m in Sources */ = {isa = PBXBuildFile; fileRef = 0F80AD25124C4866B92E4098 /* CDVAccelerometer.m */; };
		30ECDB5588B540A6B057462F /* CDVCompass.m in Sources */ = {isa = PBXBuildFile; fileRef = C2484E7A6F0F46758A123590 /* CDVCompass.m */; };
		6F67E36209C84CC78990C5A7 /* CDVNotification.m in Sources */ = {isa = PBXBuildFile; fileRef = 77E45B442B3F4FB1959C2C30 /* CDVNotification.m */; };
		5236F713A7FE44EC8383BD41 /* CDVNotification.bundle in Resources */ = {isa = PBXBuildFile; fileRef = 73AD7CEF609744508614B40C /* CDVNotification.bundle */; };
		7B10D0014A5548FDA15A6CAB /* FacebookConnectPlugin.m in Sources */ = {isa = PBXBuildFile; fileRef = C5E64E6CD8FE40FDA080CAC1 /* FacebookConnectPlugin.m */; };
		9D9883DCA30D4E608F6F2489 /* Bolts.framework in Frameworks */ = {isa = PBXBuildFile; fileRef = 6F1010C5C9954A0EB8B3B94B /* Bolts.framework */; };
		163A7446249C4247BF89345B /* FBSDKCoreKit.framework in Frameworks */ = {isa = PBXBuildFile; fileRef = 221B8D875BCC4FED98640D6B /* FBSDKCoreKit.framework */; };
		625822438E664683A13BBE1A /* FBSDKLoginKit.framework in Frameworks */ = {isa = PBXBuildFile; fileRef = BE1A714C81B5406D8CB9A734 /* FBSDKLoginKit.framework */; };
		4D64D11D7A694B858851B6A4 /* FBSDKShareKit.framework in Frameworks */ = {isa = PBXBuildFile; fileRef = 42196D32BE784E6FBCB5933D /* FBSDKShareKit.framework */; };
		B04305DBC9884BA48BADC87F /* CDVFileTransfer.m in Sources */ = {isa = PBXBuildFile; fileRef = 47E94BC31ED446578B0D26B2 /* CDVFileTransfer.m */; };
		8F0B59EA944A4191998E88F5 /* CDVLocation.m in Sources */ = {isa = PBXBuildFile; fileRef = EF1ABBC118534440A6E1C975 /* CDVLocation.m */; };
		1D71645CE02F458EB8CFE3C5 /* CDVGlobalization.m in Sources */ = {isa = PBXBuildFile; fileRef = F80ED1CC84AF49968485DE95 /* CDVGlobalization.m */; };
		A426F5A74B35429CB3DBB0D8 /* CDVInAppBrowser.m in Sources */ = {isa = PBXBuildFile; fileRef = F00146691F0C454886D6A9CE /* CDVInAppBrowser.m */; };
		766A35E9F4FA4E859EF0F995 /* CDVSound.m in Sources */ = {isa = PBXBuildFile; fileRef = 30CA5C67C0FC4538906F0C16 /* CDVSound.m */; };
		93406FD0A36343229466D31A /* CDVCapture.m in Sources */ = {isa = PBXBuildFile; fileRef = 965CC243A636492A8F1A224F /* CDVCapture.m */; };
		43965845610044DC9A9E12CF /* CDVCapture.bundle in Resources */ = {isa = PBXBuildFile; fileRef = 70B8103C74B442369A54233B /* CDVCapture.bundle */; };
		A31EBE752C0040E69FEC8555 /* CDVConnection.m in Sources */ = {isa = PBXBuildFile; fileRef = B348F4D2C6B94839ABF5799B /* CDVConnection.m */; };
		CFDBDCEB37744994B6531590 /* CDVReachability.m in Sources */ = {isa = PBXBuildFile; fileRef = D8864960C29E4F4C89E30791 /* CDVReachability.m */; };
		5BE40DE879924C9CB281E598 /* CDVSplashScreen.m in Sources */ = {isa = PBXBuildFile; fileRef = BB264F2682BE4474BB0DEC57 /* CDVSplashScreen.m */; };
		A8F99A5B6F4B4ED38B19BA6C /* CDVViewController+SplashScreen.m in Sources */ = {isa = PBXBuildFile; fileRef = 26B52D9B729F4F95AE442FC7 /* CDVViewController+SplashScreen.m */; };
		CFD15526480E4E8199BCD20D /* CDVStatusBar.m in Sources */ = {isa = PBXBuildFile; fileRef = 8EA4D24991584BF38B780BFB /* CDVStatusBar.m */; };
		DFCCB6A356B940338C1F77A9 /* CDVVibration.m in Sources */ = {isa = PBXBuildFile; fileRef = E9772F3A079A4203AE4711F4 /* CDVVibration.m */; };
		FD6763214D034C59A46DFEDD /* APPLocalNotification.m in Sources */ = {isa = PBXBuildFile; fileRef = DA23BF60C64A404FA0B1BAA4 /* APPLocalNotification.m */; };
		B2DCA6792F7747D790C0C1F5 /* APPLocalNotificationOptions.m in Sources */ = {isa = PBXBuildFile; fileRef = 64AD180ABB354EDA9F88AAC5 /* APPLocalNotificationOptions.m */; };
		7882DFBEB18D4EF7B33D8360 /* UNUserNotificationCenter+APPLocalNotification.m in Sources */ = {isa = PBXBuildFile; fileRef = 7254B6B8F52446459D0BE310 /* UNUserNotificationCenter+APPLocalNotification.m */; };
		A25D42F9C551495EA72E63C5 /* UNMutableNotificationContent+APPLocalNotification.m in Sources */ = {isa = PBXBuildFile; fileRef = 731FA9547AAE407C937522AC /* UNMutableNotificationContent+APPLocalNotification.m */; };
		EDE84A64007A44CF8E9728E1 /* UNNotificationRequest+APPLocalNotification.m in Sources */ = {isa = PBXBuildFile; fileRef = BF85D44D91CC40FB80719A84 /* UNNotificationRequest+APPLocalNotification.m */; };
		D18DFDC86A884C838F3E4EE5 /* APPLocalNotificationOptions.ios9.m in Sources */ = {isa = PBXBuildFile; fileRef = 03C3A729448A42D88BA00560 /* APPLocalNotificationOptions.ios9.m */; };
		E6558EF0AB65457589792E0E /* UIApplication+APPLocalNotification.ios9.m in Sources */ = {isa = PBXBuildFile; fileRef = 1C2D11353E2044BBA0409D13 /* UIApplication+APPLocalNotification.ios9.m */; };
		B0D3FDA6914B4423990111B5 /* UILocalNotification+APPLocalNotification.ios9.m in Sources */ = {isa = PBXBuildFile; fileRef = AFF32A4C883E493980158B39 /* UILocalNotification+APPLocalNotification.ios9.m */; };
		504026E20C5049BE8334ADB4 /* AppDelegate+APPAppEvent.m in Sources */ = {isa = PBXBuildFile; fileRef = F90D4366814F49D3B990DAE5 /* AppDelegate+APPAppEvent.m */; };
		FA412643D2EA43AF92CA08C1 /* CDVPlugin+APPAppEvent.m in Sources */ = {isa = PBXBuildFile; fileRef = 4F3BD058549E471C9BF910FB /* CDVPlugin+APPAppEvent.m */; };
		6F3260B93C7E498F94FDB383 /* CDVDevice.m in Sources */ = {isa = PBXBuildFile; fileRef = 425771391B3842CDAFFEF970 /* CDVDevice.m */; };
		E67BEE8AAD0040559411DE4D /* CDVFile.m in Sources */ = {isa = PBXBuildFile; fileRef = 1C3863D21FFF4F65AB709601 /* CDVFile.m */; };
		BDE89AF664DD4F778229D380 /* CDVLocalFilesystem.m in Sources */ = {isa = PBXBuildFile; fileRef = CD18146A23C745A0AADA6018 /* CDVLocalFilesystem.m */; };
		AEFB16C3EB974485BFCFB4F8 /* CDVAssetLibraryFilesystem.m in Sources */ = {isa = PBXBuildFile; fileRef = 3E45CA9CDF054824A0BCACC0 /* CDVAssetLibraryFilesystem.m */; };
/* End PBXBuildFile section */

/* Begin PBXContainerItemProxy section */
		301BF534109A57CC0062928A /* PBXContainerItemProxy */ = {
			isa = PBXContainerItemProxy;
			containerPortal = 301BF52D109A57CC0062928A /* CordovaLib.xcodeproj */;
			proxyType = 2;
			remoteGlobalIDString = D2AAC07E0554694100DB518D;
			remoteInfo = CordovaLib;
		};
		301BF550109A68C00062928A /* PBXContainerItemProxy */ = {
			isa = PBXContainerItemProxy;
			containerPortal = 301BF52D109A57CC0062928A /* CordovaLib.xcodeproj */;
			proxyType = 1;
			remoteGlobalIDString = D2AAC07D0554694100DB518D;
			remoteInfo = CordovaLib;
		};
/* End PBXContainerItemProxy section */

/* Begin PBXFileReference section */
		0207DA571B56EA530066E2B4 /* Images.xcassets */ = {isa = PBXFileReference; lastKnownFileType = folder.assetcatalog; name = Images.xcassets; path = "Soy Zombie/Images.xcassets"; sourceTree = SOURCE_ROOT; };
		03AA3C4524224D51B30F5A1C /* AddressBook.framework */ = {isa = PBXFileReference; explicitFileType = undefined; fileEncoding = 9; includeInIndex = 0; lastKnownFileType = wrapper.framework; name = AddressBook.framework; path = System/Library/Frameworks/AddressBook.framework; sourceTree = SDKROOT; };
		1D3623240D0F684500981E51 /* AppDelegate.h */ = {isa = PBXFileReference; fileEncoding = 4; lastKnownFileType = sourcecode.c.h; path = AppDelegate.h; sourceTree = "<group>"; };
		1D3623250D0F684500981E51 /* AppDelegate.m */ = {isa = PBXFileReference; fileEncoding = 4; lastKnownFileType = sourcecode.c.objc; path = AppDelegate.m; sourceTree = "<group>"; };
		1D6058910D05DD3D006BFB54 /* Soy Zombie.app */ = {isa = PBXFileReference; explicitFileType = wrapper.application; includeInIndex = 0; path = "Soy Zombie.app"; sourceTree = BUILT_PRODUCTS_DIR; };
		29B97316FDCFA39411CA2CEA /* main.m */ = {isa = PBXFileReference; fileEncoding = 4; lastKnownFileType = sourcecode.c.objc; path = main.m; sourceTree = "<group>"; };
		301BF52D109A57CC0062928A /* CordovaLib.xcodeproj */ = {isa = PBXFileReference; lastKnownFileType = "wrapper.pb-project"; name = CordovaLib.xcodeproj; path = CordovaLib/CordovaLib.xcodeproj; sourceTree = "<group>"; };
		301BF56E109A69640062928A /* www */ = {isa = PBXFileReference; lastKnownFileType = folder; path = www; sourceTree = SOURCE_ROOT; };
		302D95EE14D2391D003F00A1 /* MainViewController.h */ = {isa = PBXFileReference; fileEncoding = 4; lastKnownFileType = sourcecode.c.h; path = MainViewController.h; sourceTree = "<group>"; };
		302D95EF14D2391D003F00A1 /* MainViewController.m */ = {isa = PBXFileReference; fileEncoding = 4; lastKnownFileType = sourcecode.c.objc; path = MainViewController.m; sourceTree = "<group>"; };
		302D95F014D2391D003F00A1 /* MainViewController.xib */ = {isa = PBXFileReference; fileEncoding = 4; lastKnownFileType = file.xib; path = MainViewController.xib; sourceTree = "<group>"; };
		3047A50F1AB8059700498E2A /* build-debug.xcconfig */ = {isa = PBXFileReference; fileEncoding = 4; lastKnownFileType = text.xcconfig; name = "build-debug.xcconfig"; path = "cordova/build-debug.xcconfig"; sourceTree = SOURCE_ROOT; };
		3047A5101AB8059700498E2A /* build-release.xcconfig */ = {isa = PBXFileReference; fileEncoding = 4; lastKnownFileType = text.xcconfig; name = "build-release.xcconfig"; path = "cordova/build-release.xcconfig"; sourceTree = SOURCE_ROOT; };
		3047A5111AB8059700498E2A /* build.xcconfig */ = {isa = PBXFileReference; fileEncoding = 4; lastKnownFileType = text.xcconfig; name = build.xcconfig; path = cordova/build.xcconfig; sourceTree = SOURCE_ROOT; };
		32CA4F630368D1EE00C91783 /* Soy Zombie-Prefix.pch */ = {isa = PBXFileReference; fileEncoding = 4; lastKnownFileType = sourcecode.c.h; path = "Soy Zombie-Prefix.pch"; sourceTree = "<group>"; };
		47F2B48387174B098E608F9C /* AVFoundation.framework */ = {isa = PBXFileReference; explicitFileType = undefined; fileEncoding = 9; includeInIndex = 0; lastKnownFileType = wrapper.framework; name = AVFoundation.framework; path = System/Library/Frameworks/AVFoundation.framework; sourceTree = SDKROOT; };
		7165C6ACB7F0499AB48B8D3F /* SystemConfiguration.framework */ = {isa = PBXFileReference; explicitFileType = undefined; fileEncoding = 9; includeInIndex = 0; lastKnownFileType = wrapper.framework; name = SystemConfiguration.framework; path = System/Library/Frameworks/SystemConfiguration.framework; sourceTree = SDKROOT; };
		743681D8B7754F22931203D8 /* CoreTelephony.framework */ = {isa = PBXFileReference; explicitFileType = undefined; fileEncoding = 9; includeInIndex = 0; lastKnownFileType = wrapper.framework; name = CoreTelephony.framework; path = System/Library/Frameworks/CoreTelephony.framework; sourceTree = SDKROOT; };
		829FCAD7EF4C494985EB2512 /* libz.tbd */ = {isa = PBXFileReference; explicitFileType = undefined; fileEncoding = 9; includeInIndex = 0; lastKnownFileType = "sourcecode.text-based-dylib-definition"; name = libz.tbd; path = usr/lib/libz.tbd; sourceTree = SDKROOT; };
		861FFCE0D0434645A3BA7C6C /* AddressBookUI.framework */ = {isa = PBXFileReference; explicitFileType = undefined; fileEncoding = 9; includeInIndex = 0; lastKnownFileType = wrapper.framework; name = AddressBookUI.framework; path = System/Library/Frameworks/AddressBookUI.framework; sourceTree = SDKROOT; };
		8D1107310486CEB800E47090 /* Soy Zombie-Info.plist */ = {isa = PBXFileReference; fileEncoding = 4; lastKnownFileType = text.plist.xml; name = "Soy Zombie-Info.plist"; path = "Soy Zombie/Soy Zombie-Info.plist"; plistStructureDefinitionIdentifier = "com.apple.xcode.plist.structure-definition.iphone.info-plist"; sourceTree = SOURCE_ROOT; };
		BD57A6FF5C70403194CE1A8E /* CoreMotion.framework */ = {isa = PBXFileReference; explicitFileType = undefined; fileEncoding = 9; includeInIndex = 0; lastKnownFileType = wrapper.framework; name = CoreMotion.framework; path = System/Library/Frameworks/CoreMotion.framework; sourceTree = SDKROOT; };
		C6C43C99E33049F19E11194B /* CoreLocation.framework */ = {isa = PBXFileReference; explicitFileType = undefined; fileEncoding = 9; includeInIndex = 0; lastKnownFileType = wrapper.framework; name = CoreLocation.framework; path = System/Library/Frameworks/CoreLocation.framework; sourceTree = SDKROOT; };
		E55288F0003947E69908C37A /* UserNotifications.framework */ = {isa = PBXFileReference; explicitFileType = undefined; fileEncoding = 9; includeInIndex = 0; lastKnownFileType = wrapper.framework; name = UserNotifications.framework; path = System/Library/Frameworks/UserNotifications.framework; sourceTree = SDKROOT; };
		EB87FDF31871DA8E0020F90C /* www */ = {isa = PBXFileReference; lastKnownFileType = folder; name = www; path = ../../www; sourceTree = "<group>"; };
		EB87FDF41871DAF40020F90C /* config.xml */ = {isa = PBXFileReference; lastKnownFileType = text.xml; name = config.xml; path = ../../config.xml; sourceTree = "<group>"; };
		ED33DF2A687741AEAF9F8254 /* Bridging-Header.h */ = {isa = PBXFileReference; fileEncoding = 4; lastKnownFileType = sourcecode.c.h; path = "Bridging-Header.h"; sourceTree = "<group>"; };
		F75F9637281B4C4FAF224B46 /* ImageIO.framework */ = {isa = PBXFileReference; explicitFileType = undefined; fileEncoding = 9; includeInIndex = 0; lastKnownFileType = wrapper.framework; name = ImageIO.framework; path = System/Library/Frameworks/ImageIO.framework; sourceTree = SDKROOT; };
		F840E1F0165FE0F500CFE078 /* config.xml */ = {isa = PBXFileReference; lastKnownFileType = text.xml; name = config.xml; path = "Soy Zombie/config.xml"; sourceTree = "<group>"; };
		FC39BE0CEC494B7D987A403B /* AudioToolbox.framework */ = {isa = PBXFileReference; explicitFileType = undefined; fileEncoding = 9; includeInIndex = 0; lastKnownFileType = wrapper.framework; name = AudioToolbox.framework; path = System/Library/Frameworks/AudioToolbox.framework; sourceTree = SDKROOT; };
		5677666A7B1441DE956FD2D5 /* FacebookConnectPlugin.m */ = {isa = PBXFileReference; name = "FacebookConnectPlugin.m"; path = "com.phonegap.plugins.facebookconnect/FacebookConnectPlugin.m"; sourceTree = "<group>"; fileEncoding = 4; lastKnownFileType = sourcecode.c.objc; explicitFileType = undefined; includeInIndex = 0; };
		A2DFE1A1D1F4425C9D096175 /* FBSDKCoreKit.framework */ = {isa = PBXFileReference; name = "FBSDKCoreKit.framework"; path = "Soy Zombie/Plugins/com.phonegap.plugins.facebookconnect/FBSDKCoreKit.framework"; sourceTree = "<group>"; fileEncoding = undefined; lastKnownFileType = wrapper.framework; explicitFileType = undefined; includeInIndex = 0; };
		D537AE3F82C247B18B8C5386 /* FBSDKLoginKit.framework */ = {isa = PBXFileReference; name = "FBSDKLoginKit.framework"; path = "Soy Zombie/Plugins/com.phonegap.plugins.facebookconnect/FBSDKLoginKit.framework"; sourceTree = "<group>"; fileEncoding = undefined; lastKnownFileType = wrapper.framework; explicitFileType = undefined; includeInIndex = 0; };
		6DD9C51385644D7EB5A9805B /* FBSDKShareKit.framework */ = {isa = PBXFileReference; name = "FBSDKShareKit.framework"; path = "Soy Zombie/Plugins/com.phonegap.plugins.facebookconnect/FBSDKShareKit.framework"; sourceTree = "<group>"; fileEncoding = undefined; lastKnownFileType = wrapper.framework; explicitFileType = undefined; includeInIndex = 0; };
		716531BB057543C49B643F40 /* CDVBattery.m */ = {isa = PBXFileReference; name = "CDVBattery.m"; path = "cordova-plugin-battery-status/CDVBattery.m"; sourceTree = "<group>"; fileEncoding = 4; lastKnownFileType = sourcecode.c.objc; explicitFileType = undefined; includeInIndex = 0; };
		DABE126BD955491C817B8963 /* CDVBattery.h */ = {isa = PBXFileReference; name = "CDVBattery.h"; path = "cordova-plugin-battery-status/CDVBattery.h"; sourceTree = "<group>"; fileEncoding = 4; lastKnownFileType = sourcecode.c.h; explicitFileType = undefined; includeInIndex = 0; };
		57DB59363E884F6F8E9CEEB1 /* UIImage+CropScaleOrientation.m */ = {isa = PBXFileReference; name = "UIImage+CropScaleOrientation.m"; path = "cordova-plugin-camera/UIImage+CropScaleOrientation.m"; sourceTree = "<group>"; fileEncoding = 4; lastKnownFileType = sourcecode.c.objc; explicitFileType = undefined; includeInIndex = 0; };
		170FDABC756944D2914FBD4E /* CDVCamera.m */ = {isa = PBXFileReference; name = "CDVCamera.m"; path = "cordova-plugin-camera/CDVCamera.m"; sourceTree = "<group>"; fileEncoding = 4; lastKnownFileType = sourcecode.c.objc; explicitFileType = undefined; includeInIndex = 0; };
		ECF3346A70F34F8EA648F43F /* CDVJpegHeaderWriter.m */ = {isa = PBXFileReference; name = "CDVJpegHeaderWriter.m"; path = "cordova-plugin-camera/CDVJpegHeaderWriter.m"; sourceTree = "<group>"; fileEncoding = 4; lastKnownFileType = sourcecode.c.objc; explicitFileType = undefined; includeInIndex = 0; };
		7B0BF59CF6314A5D842DA8C6 /* UIImage+CropScaleOrientation.h */ = {isa = PBXFileReference; name = "UIImage+CropScaleOrientation.h"; path = "cordova-plugin-camera/UIImage+CropScaleOrientation.h"; sourceTree = "<group>"; fileEncoding = 4; lastKnownFileType = sourcecode.c.h; explicitFileType = undefined; includeInIndex = 0; };
		35E4456E48B0479ABE04ED66 /* CDVCamera.h */ = {isa = PBXFileReference; name = "CDVCamera.h"; path = "cordova-plugin-camera/CDVCamera.h"; sourceTree = "<group>"; fileEncoding = 4; lastKnownFileType = sourcecode.c.h; explicitFileType = undefined; includeInIndex = 0; };
		C1015849CE1141259E541C41 /* CDVJpegHeaderWriter.h */ = {isa = PBXFileReference; name = "CDVJpegHeaderWriter.h"; path = "cordova-plugin-camera/CDVJpegHeaderWriter.h"; sourceTree = "<group>"; fileEncoding = 4; lastKnownFileType = sourcecode.c.h; explicitFileType = undefined; includeInIndex = 0; };
		3D74181346CA4DD7BB5AB735 /* CDVExif.h */ = {isa = PBXFileReference; name = "CDVExif.h"; path = "cordova-plugin-camera/CDVExif.h"; sourceTree = "<group>"; fileEncoding = 4; lastKnownFileType = sourcecode.c.h; explicitFileType = undefined; includeInIndex = 0; };
		6BA7DCD7B16C47A0972F1D5F /* CDVLogger.m */ = {isa = PBXFileReference; name = "CDVLogger.m"; path = "cordova-plugin-console/CDVLogger.m"; sourceTree = "<group>"; fileEncoding = 4; lastKnownFileType = sourcecode.c.objc; explicitFileType = undefined; includeInIndex = 0; };
		F9ACDC5E09194B13B3C45289 /* CDVLogger.h */ = {isa = PBXFileReference; name = "CDVLogger.h"; path = "cordova-plugin-console/CDVLogger.h"; sourceTree = "<group>"; fileEncoding = 4; lastKnownFileType = sourcecode.c.h; explicitFileType = undefined; includeInIndex = 0; };
		49E0A5E9DBAA4EF5801DA084 /* CDVContacts.m */ = {isa = PBXFileReference; name = "CDVContacts.m"; path = "cordova-plugin-contacts/CDVContacts.m"; sourceTree = "<group>"; fileEncoding = 4; lastKnownFileType = sourcecode.c.objc; explicitFileType = undefined; includeInIndex = 0; };
		CFF4D6FFA94F491D8836ECD2 /* CDVContact.m */ = {isa = PBXFileReference; name = "CDVContact.m"; path = "cordova-plugin-contacts/CDVContact.m"; sourceTree = "<group>"; fileEncoding = 4; lastKnownFileType = sourcecode.c.objc; explicitFileType = undefined; includeInIndex = 0; };
		A58420F9FCC6414BB08078F8 /* CDVContacts.h */ = {isa = PBXFileReference; name = "CDVContacts.h"; path = "cordova-plugin-contacts/CDVContacts.h"; sourceTree = "<group>"; fileEncoding = 4; lastKnownFileType = sourcecode.c.h; explicitFileType = undefined; includeInIndex = 0; };
		A40AF982EF7E4F2099DA4324 /* CDVContact.h */ = {isa = PBXFileReference; name = "CDVContact.h"; path = "cordova-plugin-contacts/CDVContact.h"; sourceTree = "<group>"; fileEncoding = 4; lastKnownFileType = sourcecode.c.h; explicitFileType = undefined; includeInIndex = 0; };
		0F80AD25124C4866B92E4098 /* CDVAccelerometer.m */ = {isa = PBXFileReference; name = "CDVAccelerometer.m"; path = "cordova-plugin-device-motion/CDVAccelerometer.m"; sourceTree = "<group>"; fileEncoding = 4; lastKnownFileType = sourcecode.c.objc; explicitFileType = undefined; includeInIndex = 0; };
		A53B45F6728D4951AB560DB9 /* CDVAccelerometer.h */ = {isa = PBXFileReference; name = "CDVAccelerometer.h"; path = "cordova-plugin-device-motion/CDVAccelerometer.h"; sourceTree = "<group>"; fileEncoding = 4; lastKnownFileType = sourcecode.c.h; explicitFileType = undefined; includeInIndex = 0; };
		C2484E7A6F0F46758A123590 /* CDVCompass.m */ = {isa = PBXFileReference; name = "CDVCompass.m"; path = "cordova-plugin-device-orientation/CDVCompass.m"; sourceTree = "<group>"; fileEncoding = 4; lastKnownFileType = sourcecode.c.objc; explicitFileType = undefined; includeInIndex = 0; };
		D391C9140FF34CA8A911DD09 /* CDVCompass.h */ = {isa = PBXFileReference; name = "CDVCompass.h"; path = "cordova-plugin-device-orientation/CDVCompass.h"; sourceTree = "<group>"; fileEncoding = 4; lastKnownFileType = sourcecode.c.h; explicitFileType = undefined; includeInIndex = 0; };
		77E45B442B3F4FB1959C2C30 /* CDVNotification.m */ = {isa = PBXFileReference; name = "CDVNotification.m"; path = "cordova-plugin-dialogs/CDVNotification.m"; sourceTree = "<group>"; fileEncoding = 4; lastKnownFileType = sourcecode.c.objc; explicitFileType = undefined; includeInIndex = 0; };
		D3CD2E258F7941F093B0CFF4 /* CDVNotification.h */ = {isa = PBXFileReference; name = "CDVNotification.h"; path = "cordova-plugin-dialogs/CDVNotification.h"; sourceTree = "<group>"; fileEncoding = 4; lastKnownFileType = sourcecode.c.h; explicitFileType = undefined; includeInIndex = 0; };
		73AD7CEF609744508614B40C /* CDVNotification.bundle */ = {isa = PBXFileReference; name = "CDVNotification.bundle"; path = "CDVNotification.bundle"; sourceTree = "<group>"; fileEncoding = undefined; lastKnownFileType = wrapper.plug-in; explicitFileType = undefined; includeInIndex = 0; };
		C5E64E6CD8FE40FDA080CAC1 /* FacebookConnectPlugin.m */ = {isa = PBXFileReference; name = "FacebookConnectPlugin.m"; path = "cordova-plugin-facebook4/FacebookConnectPlugin.m"; sourceTree = "<group>"; fileEncoding = 4; lastKnownFileType = sourcecode.c.objc; explicitFileType = undefined; includeInIndex = 0; };
		702A87564FCA4082917384D6 /* FacebookConnectPlugin.h */ = {isa = PBXFileReference; name = "FacebookConnectPlugin.h"; path = "cordova-plugin-facebook4/FacebookConnectPlugin.h"; sourceTree = "<group>"; fileEncoding = 4; lastKnownFileType = sourcecode.c.h; explicitFileType = undefined; includeInIndex = 0; };
		6F1010C5C9954A0EB8B3B94B /* Bolts.framework */ = {isa = PBXFileReference; name = "Bolts.framework"; path = "Soy Zombie/Plugins/cordova-plugin-facebook4/Bolts.framework"; sourceTree = "<group>"; fileEncoding = undefined; lastKnownFileType = wrapper.framework; explicitFileType = undefined; includeInIndex = 0; };
		221B8D875BCC4FED98640D6B /* FBSDKCoreKit.framework */ = {isa = PBXFileReference; name = "FBSDKCoreKit.framework"; path = "Soy Zombie/Plugins/cordova-plugin-facebook4/FBSDKCoreKit.framework"; sourceTree = "<group>"; fileEncoding = undefined; lastKnownFileType = wrapper.framework; explicitFileType = undefined; includeInIndex = 0; };
		BE1A714C81B5406D8CB9A734 /* FBSDKLoginKit.framework */ = {isa = PBXFileReference; name = "FBSDKLoginKit.framework"; path = "Soy Zombie/Plugins/cordova-plugin-facebook4/FBSDKLoginKit.framework"; sourceTree = "<group>"; fileEncoding = undefined; lastKnownFileType = wrapper.framework; explicitFileType = undefined; includeInIndex = 0; };
		42196D32BE784E6FBCB5933D /* FBSDKShareKit.framework */ = {isa = PBXFileReference; name = "FBSDKShareKit.framework"; path = "Soy Zombie/Plugins/cordova-plugin-facebook4/FBSDKShareKit.framework"; sourceTree = "<group>"; fileEncoding = undefined; lastKnownFileType = wrapper.framework; explicitFileType = undefined; includeInIndex = 0; };
		47E94BC31ED446578B0D26B2 /* CDVFileTransfer.m */ = {isa = PBXFileReference; name = "CDVFileTransfer.m"; path = "cordova-plugin-file-transfer/CDVFileTransfer.m"; sourceTree = "<group>"; fileEncoding = 4; lastKnownFileType = sourcecode.c.objc; explicitFileType = undefined; includeInIndex = 0; };
		F5FD402CAF79445BA009DA4D /* CDVFileTransfer.h */ = {isa = PBXFileReference; name = "CDVFileTransfer.h"; path = "cordova-plugin-file-transfer/CDVFileTransfer.h"; sourceTree = "<group>"; fileEncoding = 4; lastKnownFileType = sourcecode.c.h; explicitFileType = undefined; includeInIndex = 0; };
		EF1ABBC118534440A6E1C975 /* CDVLocation.m */ = {isa = PBXFileReference; name = "CDVLocation.m"; path = "cordova-plugin-geolocation/CDVLocation.m"; sourceTree = "<group>"; fileEncoding = 4; lastKnownFileType = sourcecode.c.objc; explicitFileType = undefined; includeInIndex = 0; };
		F5B5F3CD43C2437295AA227A /* CDVLocation.h */ = {isa = PBXFileReference; name = "CDVLocation.h"; path = "cordova-plugin-geolocation/CDVLocation.h"; sourceTree = "<group>"; fileEncoding = 4; lastKnownFileType = sourcecode.c.h; explicitFileType = undefined; includeInIndex = 0; };
		F80ED1CC84AF49968485DE95 /* CDVGlobalization.m */ = {isa = PBXFileReference; name = "CDVGlobalization.m"; path = "cordova-plugin-globalization/CDVGlobalization.m"; sourceTree = "<group>"; fileEncoding = 4; lastKnownFileType = sourcecode.c.objc; explicitFileType = undefined; includeInIndex = 0; };
		464ACAC42F064115A2408CE5 /* CDVGlobalization.h */ = {isa = PBXFileReference; name = "CDVGlobalization.h"; path = "cordova-plugin-globalization/CDVGlobalization.h"; sourceTree = "<group>"; fileEncoding = 4; lastKnownFileType = sourcecode.c.h; explicitFileType = undefined; includeInIndex = 0; };
		F00146691F0C454886D6A9CE /* CDVInAppBrowser.m */ = {isa = PBXFileReference; name = "CDVInAppBrowser.m"; path = "cordova-plugin-inappbrowser/CDVInAppBrowser.m"; sourceTree = "<group>"; fileEncoding = 4; lastKnownFileType = sourcecode.c.objc; explicitFileType = undefined; includeInIndex = 0; };
		4203A797EA6A4E34979FB16F /* CDVInAppBrowser.h */ = {isa = PBXFileReference; name = "CDVInAppBrowser.h"; path = "cordova-plugin-inappbrowser/CDVInAppBrowser.h"; sourceTree = "<group>"; fileEncoding = 4; lastKnownFileType = sourcecode.c.h; explicitFileType = undefined; includeInIndex = 0; };
		30CA5C67C0FC4538906F0C16 /* CDVSound.m */ = {isa = PBXFileReference; name = "CDVSound.m"; path = "cordova-plugin-media/CDVSound.m"; sourceTree = "<group>"; fileEncoding = 4; lastKnownFileType = sourcecode.c.objc; explicitFileType = undefined; includeInIndex = 0; };
		25CCB89F40AF4613AA1C286E /* CDVSound.h */ = {isa = PBXFileReference; name = "CDVSound.h"; path = "cordova-plugin-media/CDVSound.h"; sourceTree = "<group>"; fileEncoding = 4; lastKnownFileType = sourcecode.c.h; explicitFileType = undefined; includeInIndex = 0; };
		965CC243A636492A8F1A224F /* CDVCapture.m */ = {isa = PBXFileReference; name = "CDVCapture.m"; path = "cordova-plugin-media-capture/CDVCapture.m"; sourceTree = "<group>"; fileEncoding = 4; lastKnownFileType = sourcecode.c.objc; explicitFileType = undefined; includeInIndex = 0; };
		598A57507AB34ABD8C2724AE /* CDVCapture.h */ = {isa = PBXFileReference; name = "CDVCapture.h"; path = "cordova-plugin-media-capture/CDVCapture.h"; sourceTree = "<group>"; fileEncoding = 4; lastKnownFileType = sourcecode.c.h; explicitFileType = undefined; includeInIndex = 0; };
		70B8103C74B442369A54233B /* CDVCapture.bundle */ = {isa = PBXFileReference; name = "CDVCapture.bundle"; path = "CDVCapture.bundle"; sourceTree = "<group>"; fileEncoding = undefined; lastKnownFileType = wrapper.plug-in; explicitFileType = undefined; includeInIndex = 0; };
		B348F4D2C6B94839ABF5799B /* CDVConnection.m */ = {isa = PBXFileReference; name = "CDVConnection.m"; path = "cordova-plugin-network-information/CDVConnection.m"; sourceTree = "<group>"; fileEncoding = 4; lastKnownFileType = sourcecode.c.objc; explicitFileType = undefined; includeInIndex = 0; };
		D8864960C29E4F4C89E30791 /* CDVReachability.m */ = {isa = PBXFileReference; name = "CDVReachability.m"; path = "cordova-plugin-network-information/CDVReachability.m"; sourceTree = "<group>"; fileEncoding = 4; lastKnownFileType = sourcecode.c.objc; explicitFileType = undefined; includeInIndex = 0; };
		C430700461B84CE595126F05 /* CDVConnection.h */ = {isa = PBXFileReference; name = "CDVConnection.h"; path = "cordova-plugin-network-information/CDVConnection.h"; sourceTree = "<group>"; fileEncoding = 4; lastKnownFileType = sourcecode.c.h; explicitFileType = undefined; includeInIndex = 0; };
		83196A1F190740E49C3AC46C /* CDVReachability.h */ = {isa = PBXFileReference; name = "CDVReachability.h"; path = "cordova-plugin-network-information/CDVReachability.h"; sourceTree = "<group>"; fileEncoding = 4; lastKnownFileType = sourcecode.c.h; explicitFileType = undefined; includeInIndex = 0; };
		BB264F2682BE4474BB0DEC57 /* CDVSplashScreen.m */ = {isa = PBXFileReference; name = "CDVSplashScreen.m"; path = "cordova-plugin-splashscreen/CDVSplashScreen.m"; sourceTree = "<group>"; fileEncoding = 4; lastKnownFileType = sourcecode.c.objc; explicitFileType = undefined; includeInIndex = 0; };
		26B52D9B729F4F95AE442FC7 /* CDVViewController+SplashScreen.m */ = {isa = PBXFileReference; name = "CDVViewController+SplashScreen.m"; path = "cordova-plugin-splashscreen/CDVViewController+SplashScreen.m"; sourceTree = "<group>"; fileEncoding = 4; lastKnownFileType = sourcecode.c.objc; explicitFileType = undefined; includeInIndex = 0; };
		BDD37DB7274542AC8631EAB0 /* CDVSplashScreen.h */ = {isa = PBXFileReference; name = "CDVSplashScreen.h"; path = "cordova-plugin-splashscreen/CDVSplashScreen.h"; sourceTree = "<group>"; fileEncoding = 4; lastKnownFileType = sourcecode.c.h; explicitFileType = undefined; includeInIndex = 0; };
		15AF20507E314952862C594A /* CDVViewController+SplashScreen.h */ = {isa = PBXFileReference; name = "CDVViewController+SplashScreen.h"; path = "cordova-plugin-splashscreen/CDVViewController+SplashScreen.h"; sourceTree = "<group>"; fileEncoding = 4; lastKnownFileType = sourcecode.c.h; explicitFileType = undefined; includeInIndex = 0; };
		8EA4D24991584BF38B780BFB /* CDVStatusBar.m */ = {isa = PBXFileReference; name = "CDVStatusBar.m"; path = "cordova-plugin-statusbar/CDVStatusBar.m"; sourceTree = "<group>"; fileEncoding = 4; lastKnownFileType = sourcecode.c.objc; explicitFileType = undefined; includeInIndex = 0; };
		E87E6B954E584E2CAC66E61E /* CDVStatusBar.h */ = {isa = PBXFileReference; name = "CDVStatusBar.h"; path = "cordova-plugin-statusbar/CDVStatusBar.h"; sourceTree = "<group>"; fileEncoding = 4; lastKnownFileType = sourcecode.c.h; explicitFileType = undefined; includeInIndex = 0; };
		E9772F3A079A4203AE4711F4 /* CDVVibration.m */ = {isa = PBXFileReference; name = "CDVVibration.m"; path = "cordova-plugin-vibration/CDVVibration.m"; sourceTree = "<group>"; fileEncoding = 4; lastKnownFileType = sourcecode.c.objc; explicitFileType = undefined; includeInIndex = 0; };
		8E46D0459294434E8C3A9973 /* CDVVibration.h */ = {isa = PBXFileReference; name = "CDVVibration.h"; path = "cordova-plugin-vibration/CDVVibration.h"; sourceTree = "<group>"; fileEncoding = 4; lastKnownFileType = sourcecode.c.h; explicitFileType = undefined; includeInIndex = 0; };
		DA23BF60C64A404FA0B1BAA4 /* APPLocalNotification.m */ = {isa = PBXFileReference; name = "APPLocalNotification.m"; path = "de.appplant.cordova.plugin.local-notification/APPLocalNotification.m"; sourceTree = "<group>"; fileEncoding = 4; lastKnownFileType = sourcecode.c.objc; explicitFileType = undefined; includeInIndex = 0; };
		64AD180ABB354EDA9F88AAC5 /* APPLocalNotificationOptions.m */ = {isa = PBXFileReference; name = "APPLocalNotificationOptions.m"; path = "de.appplant.cordova.plugin.local-notification/APPLocalNotificationOptions.m"; sourceTree = "<group>"; fileEncoding = 4; lastKnownFileType = sourcecode.c.objc; explicitFileType = undefined; includeInIndex = 0; };
		7254B6B8F52446459D0BE310 /* UNUserNotificationCenter+APPLocalNotification.m */ = {isa = PBXFileReference; name = "UNUserNotificationCenter+APPLocalNotification.m"; path = "de.appplant.cordova.plugin.local-notification/UNUserNotificationCenter+APPLocalNotification.m"; sourceTree = "<group>"; fileEncoding = 4; lastKnownFileType = sourcecode.c.objc; explicitFileType = undefined; includeInIndex = 0; };
		731FA9547AAE407C937522AC /* UNMutableNotificationContent+APPLocalNotification.m */ = {isa = PBXFileReference; name = "UNMutableNotificationContent+APPLocalNotification.m"; path = "de.appplant.cordova.plugin.local-notification/UNMutableNotificationContent+APPLocalNotification.m"; sourceTree = "<group>"; fileEncoding = 4; lastKnownFileType = sourcecode.c.objc; explicitFileType = undefined; includeInIndex = 0; };
		BF85D44D91CC40FB80719A84 /* UNNotificationRequest+APPLocalNotification.m */ = {isa = PBXFileReference; name = "UNNotificationRequest+APPLocalNotification.m"; path = "de.appplant.cordova.plugin.local-notification/UNNotificationRequest+APPLocalNotification.m"; sourceTree = "<group>"; fileEncoding = 4; lastKnownFileType = sourcecode.c.objc; explicitFileType = undefined; includeInIndex = 0; };
		03C3A729448A42D88BA00560 /* APPLocalNotificationOptions.ios9.m */ = {isa = PBXFileReference; name = "APPLocalNotificationOptions.ios9.m"; path = "de.appplant.cordova.plugin.local-notification/APPLocalNotificationOptions.ios9.m"; sourceTree = "<group>"; fileEncoding = 4; lastKnownFileType = sourcecode.c.objc; explicitFileType = undefined; includeInIndex = 0; };
		1C2D11353E2044BBA0409D13 /* UIApplication+APPLocalNotification.ios9.m */ = {isa = PBXFileReference; name = "UIApplication+APPLocalNotification.ios9.m"; path = "de.appplant.cordova.plugin.local-notification/UIApplication+APPLocalNotification.ios9.m"; sourceTree = "<group>"; fileEncoding = 4; lastKnownFileType = sourcecode.c.objc; explicitFileType = undefined; includeInIndex = 0; };
		AFF32A4C883E493980158B39 /* UILocalNotification+APPLocalNotification.ios9.m */ = {isa = PBXFileReference; name = "UILocalNotification+APPLocalNotification.ios9.m"; path = "de.appplant.cordova.plugin.local-notification/UILocalNotification+APPLocalNotification.ios9.m"; sourceTree = "<group>"; fileEncoding = 4; lastKnownFileType = sourcecode.c.objc; explicitFileType = undefined; includeInIndex = 0; };
		014C94561EBE4E5B9C7B95DC /* APPLocalNotification.h */ = {isa = PBXFileReference; name = "APPLocalNotification.h"; path = "de.appplant.cordova.plugin.local-notification/APPLocalNotification.h"; sourceTree = "<group>"; fileEncoding = 4; lastKnownFileType = sourcecode.c.h; explicitFileType = undefined; includeInIndex = 0; };
		64746FF335D34FB8986D16C7 /* APPLocalNotificationOptions.h */ = {isa = PBXFileReference; name = "APPLocalNotificationOptions.h"; path = "de.appplant.cordova.plugin.local-notification/APPLocalNotificationOptions.h"; sourceTree = "<group>"; fileEncoding = 4; lastKnownFileType = sourcecode.c.h; explicitFileType = undefined; includeInIndex = 0; };
		DD24FE47B20F482DBD9F2D8C /* UNUserNotificationCenter+APPLocalNotification.h */ = {isa = PBXFileReference; name = "UNUserNotificationCenter+APPLocalNotification.h"; path = "de.appplant.cordova.plugin.local-notification/UNUserNotificationCenter+APPLocalNotification.h"; sourceTree = "<group>"; fileEncoding = 4; lastKnownFileType = sourcecode.c.h; explicitFileType = undefined; includeInIndex = 0; };
		699DD04CE8824D1A9E7A04FB /* UNMutableNotificationContent+APPLocalNotification.h */ = {isa = PBXFileReference; name = "UNMutableNotificationContent+APPLocalNotification.h"; path = "de.appplant.cordova.plugin.local-notification/UNMutableNotificationContent+APPLocalNotification.h"; sourceTree = "<group>"; fileEncoding = 4; lastKnownFileType = sourcecode.c.h; explicitFileType = undefined; includeInIndex = 0; };
		2767DA1958D34AF79EDA445D /* UNNotificationRequest+APPLocalNotification.h */ = {isa = PBXFileReference; name = "UNNotificationRequest+APPLocalNotification.h"; path = "de.appplant.cordova.plugin.local-notification/UNNotificationRequest+APPLocalNotification.h"; sourceTree = "<group>"; fileEncoding = 4; lastKnownFileType = sourcecode.c.h; explicitFileType = undefined; includeInIndex = 0; };
		5528F630F1B94DCABFA4E858 /* APPLocalNotificationOptions.ios9.h */ = {isa = PBXFileReference; name = "APPLocalNotificationOptions.ios9.h"; path = "de.appplant.cordova.plugin.local-notification/APPLocalNotificationOptions.ios9.h"; sourceTree = "<group>"; fileEncoding = 4; lastKnownFileType = sourcecode.c.h; explicitFileType = undefined; includeInIndex = 0; };
		9BF22FE47239433F98164B21 /* UIApplication+APPLocalNotification.ios9.h */ = {isa = PBXFileReference; name = "UIApplication+APPLocalNotification.ios9.h"; path = "de.appplant.cordova.plugin.local-notification/UIApplication+APPLocalNotification.ios9.h"; sourceTree = "<group>"; fileEncoding = 4; lastKnownFileType = sourcecode.c.h; explicitFileType = undefined; includeInIndex = 0; };
		83E96E3B1C4C455D93CAAFEE /* UILocalNotification+APPLocalNotification.ios9.h */ = {isa = PBXFileReference; name = "UILocalNotification+APPLocalNotification.ios9.h"; path = "de.appplant.cordova.plugin.local-notification/UILocalNotification+APPLocalNotification.ios9.h"; sourceTree = "<group>"; fileEncoding = 4; lastKnownFileType = sourcecode.c.h; explicitFileType = undefined; includeInIndex = 0; };
		F90D4366814F49D3B990DAE5 /* AppDelegate+APPAppEvent.m */ = {isa = PBXFileReference; name = "AppDelegate+APPAppEvent.m"; path = "cordova-plugin-app-event/AppDelegate+APPAppEvent.m"; sourceTree = "<group>"; fileEncoding = 4; lastKnownFileType = sourcecode.c.objc; explicitFileType = undefined; includeInIndex = 0; };
		4F3BD058549E471C9BF910FB /* CDVPlugin+APPAppEvent.m */ = {isa = PBXFileReference; name = "CDVPlugin+APPAppEvent.m"; path = "cordova-plugin-app-event/CDVPlugin+APPAppEvent.m"; sourceTree = "<group>"; fileEncoding = 4; lastKnownFileType = sourcecode.c.objc; explicitFileType = undefined; includeInIndex = 0; };
		CB810F63A9D042F48C28DFE7 /* AppDelegate+APPAppEvent.h */ = {isa = PBXFileReference; name = "AppDelegate+APPAppEvent.h"; path = "cordova-plugin-app-event/AppDelegate+APPAppEvent.h"; sourceTree = "<group>"; fileEncoding = 4; lastKnownFileType = sourcecode.c.h; explicitFileType = undefined; includeInIndex = 0; };
		A9F0B30A55BB4519B3F94238 /* CDVPlugin+APPAppEvent.h */ = {isa = PBXFileReference; name = "CDVPlugin+APPAppEvent.h"; path = "cordova-plugin-app-event/CDVPlugin+APPAppEvent.h"; sourceTree = "<group>"; fileEncoding = 4; lastKnownFileType = sourcecode.c.h; explicitFileType = undefined; includeInIndex = 0; };
		9F74F215225C4151B8C17DC4 /* APPAppEventDelegate.h */ = {isa = PBXFileReference; name = "APPAppEventDelegate.h"; path = "cordova-plugin-app-event/APPAppEventDelegate.h"; sourceTree = "<group>"; fileEncoding = 4; lastKnownFileType = sourcecode.c.h; explicitFileType = undefined; includeInIndex = 0; };
		425771391B3842CDAFFEF970 /* CDVDevice.m */ = {isa = PBXFileReference; name = "CDVDevice.m"; path = "cordova-plugin-device/CDVDevice.m"; sourceTree = "<group>"; fileEncoding = 4; lastKnownFileType = sourcecode.c.objc; explicitFileType = undefined; includeInIndex = 0; };
		DF239A6FCAD34E9AA171D5DA /* CDVDevice.h */ = {isa = PBXFileReference; name = "CDVDevice.h"; path = "cordova-plugin-device/CDVDevice.h"; sourceTree = "<group>"; fileEncoding = 4; lastKnownFileType = sourcecode.c.h; explicitFileType = undefined; includeInIndex = 0; };
		1C3863D21FFF4F65AB709601 /* CDVFile.m */ = {isa = PBXFileReference; name = "CDVFile.m"; path = "cordova-plugin-file/CDVFile.m"; sourceTree = "<group>"; fileEncoding = 4; lastKnownFileType = sourcecode.c.objc; explicitFileType = undefined; includeInIndex = 0; };
		CD18146A23C745A0AADA6018 /* CDVLocalFilesystem.m */ = {isa = PBXFileReference; name = "CDVLocalFilesystem.m"; path = "cordova-plugin-file/CDVLocalFilesystem.m"; sourceTree = "<group>"; fileEncoding = 4; lastKnownFileType = sourcecode.c.objc; explicitFileType = undefined; includeInIndex = 0; };
		3E45CA9CDF054824A0BCACC0 /* CDVAssetLibraryFilesystem.m */ = {isa = PBXFileReference; name = "CDVAssetLibraryFilesystem.m"; path = "cordova-plugin-file/CDVAssetLibraryFilesystem.m"; sourceTree = "<group>"; fileEncoding = 4; lastKnownFileType = sourcecode.c.objc; explicitFileType = undefined; includeInIndex = 0; };
		881E3D151BE946B2A296AFAC /* CDVFile.h */ = {isa = PBXFileReference; name = "CDVFile.h"; path = "cordova-plugin-file/CDVFile.h"; sourceTree = "<group>"; fileEncoding = 4; lastKnownFileType = sourcecode.c.h; explicitFileType = undefined; includeInIndex = 0; };
		4DA60831BBB84ADB9FF5BBE8 /* CDVLocalFilesystem.h */ = {isa = PBXFileReference; name = "CDVLocalFilesystem.h"; path = "cordova-plugin-file/CDVLocalFilesystem.h"; sourceTree = "<group>"; fileEncoding = 4; lastKnownFileType = sourcecode.c.h; explicitFileType = undefined; includeInIndex = 0; };
		2C9A366509EA454AA64F7E6A /* CDVAssetLibraryFilesystem.h */ = {isa = PBXFileReference; name = "CDVAssetLibraryFilesystem.h"; path = "cordova-plugin-file/CDVAssetLibraryFilesystem.h"; sourceTree = "<group>"; fileEncoding = 4; lastKnownFileType = sourcecode.c.h; explicitFileType = undefined; includeInIndex = 0; };
/* End PBXFileReference section */

/* Begin PBXFrameworksBuildPhase section */
		1D60588F0D05DD3D006BFB54 /* Frameworks */ = {
			isa = PBXFrameworksBuildPhase;
			buildActionMask = 2147483647;
			files = (
				301BF552109A68D80062928A /* libCordova.a in Frameworks */,
				5568B2CBD58246E7847D5C09 /* ImageIO.framework in Frameworks */,
				84462E981FD14F3F85AD832C /* CoreLocation.framework in Frameworks */,
				59F844D5AB734AD8BBEDD1C0 /* AVFoundation.framework in Frameworks */,
				99284713E4944BF1940F1BFA /* AddressBook.framework in Frameworks */,
				79A3FC8900E64A3D96E78A6F /* AddressBookUI.framework in Frameworks */,
				7E6FF77849B2411791A85E3F /* libz.tbd in Frameworks */,
				E0B78F27E1EE40DDB10CC871 /* CoreMotion.framework in Frameworks */,
				A2B58A7562B042A1B1915D69 /* AudioToolbox.framework in Frameworks */,
				82F442B5A501493EBA379B16 /* SystemConfiguration.framework in Frameworks */,
				D0CC052A937D46E489D7808B /* CoreTelephony.framework in Frameworks */,
				33CA1BDD9C314D58AEA6D8E4 /* UserNotifications.framework in Frameworks */,
				BBF73E3928BF462BB01F86AC /* FBSDKCoreKit.framework in Frameworks */,
				3DE161BEF6EB401EA8D0027D /* FBSDKLoginKit.framework in Frameworks */,
				1DA7CB82FEEF4911ACE2631B /* FBSDKShareKit.framework in Frameworks */,
				9D9883DCA30D4E608F6F2489 /* Bolts.framework in Frameworks */,
				163A7446249C4247BF89345B /* FBSDKCoreKit.framework in Frameworks */,
				625822438E664683A13BBE1A /* FBSDKLoginKit.framework in Frameworks */,
				4D64D11D7A694B858851B6A4 /* FBSDKShareKit.framework in Frameworks */,
			);
			runOnlyForDeploymentPostprocessing = 0;
		};
/* End PBXFrameworksBuildPhase section */

/* Begin PBXGroup section */
		080E96DDFE201D6D7F000001 /* Classes */ = {
			isa = PBXGroup;
			children = (
				302D95EE14D2391D003F00A1 /* MainViewController.h */,
				302D95EF14D2391D003F00A1 /* MainViewController.m */,
				302D95F014D2391D003F00A1 /* MainViewController.xib */,
				1D3623240D0F684500981E51 /* AppDelegate.h */,
				1D3623250D0F684500981E51 /* AppDelegate.m */,
			);
			name = Classes;
			path = "Soy Zombie/Classes";
			sourceTree = SOURCE_ROOT;
		};
		19C28FACFE9D520D11CA2CBB /* Products */ = {
			isa = PBXGroup;
			children = (
				1D6058910D05DD3D006BFB54 /* Soy Zombie.app */,
			);
			name = Products;
			sourceTree = "<group>";
		};
		29B97314FDCFA39411CA2CEA /* CustomTemplate */ = {
			isa = PBXGroup;
			children = (
				EB87FDF41871DAF40020F90C /* config.xml */,
				EB87FDF31871DA8E0020F90C /* www */,
				EB87FDF11871DA420020F90C /* Staging */,
				301BF52D109A57CC0062928A /* CordovaLib.xcodeproj */,
				080E96DDFE201D6D7F000001 /* Classes */,
				307C750510C5A3420062BCA9 /* Plugins */,
				29B97315FDCFA39411CA2CEA /* Other Sources */,
				29B97317FDCFA39411CA2CEA /* Resources */,
				29B97323FDCFA39411CA2CEA /* Frameworks */,
				19C28FACFE9D520D11CA2CBB /* Products */,
			);
			name = CustomTemplate;
			sourceTree = "<group>";
		};
		29B97315FDCFA39411CA2CEA /* Other Sources */ = {
			isa = PBXGroup;
			children = (
				32CA4F630368D1EE00C91783 /* Soy Zombie-Prefix.pch */,
				29B97316FDCFA39411CA2CEA /* main.m */,
				ED33DF2A687741AEAF9F8254 /* Bridging-Header.h */,
			);
			name = "Other Sources";
			path = "Soy Zombie";
			sourceTree = "<group>";
		};
		29B97317FDCFA39411CA2CEA /* Resources */ = {
			isa = PBXGroup;
			children = (
				0207DA571B56EA530066E2B4 /* Images.xcassets */,
				3047A50E1AB8057F00498E2A /* config */,
				8D1107310486CEB800E47090 /* Soy Zombie-Info.plist */,
				73AD7CEF609744508614B40C /* CDVNotification.bundle */,
				70B8103C74B442369A54233B /* CDVCapture.bundle */,
			);
			name = Resources;
			path = "Soy Zombie/Resources";
			sourceTree = "<group>";
		};
		29B97323FDCFA39411CA2CEA /* Frameworks */ = {
			isa = PBXGroup;
			children = (
				F75F9637281B4C4FAF224B46 /* ImageIO.framework */,
				C6C43C99E33049F19E11194B /* CoreLocation.framework */,
				47F2B48387174B098E608F9C /* AVFoundation.framework */,
				03AA3C4524224D51B30F5A1C /* AddressBook.framework */,
				861FFCE0D0434645A3BA7C6C /* AddressBookUI.framework */,
				829FCAD7EF4C494985EB2512 /* libz.tbd */,
				BD57A6FF5C70403194CE1A8E /* CoreMotion.framework */,
				FC39BE0CEC494B7D987A403B /* AudioToolbox.framework */,
				7165C6ACB7F0499AB48B8D3F /* SystemConfiguration.framework */,
				743681D8B7754F22931203D8 /* CoreTelephony.framework */,
				E55288F0003947E69908C37A /* UserNotifications.framework */,
				A2DFE1A1D1F4425C9D096175 /* FBSDKCoreKit.framework */,
				D537AE3F82C247B18B8C5386 /* FBSDKLoginKit.framework */,
				6DD9C51385644D7EB5A9805B /* FBSDKShareKit.framework */,
				6F1010C5C9954A0EB8B3B94B /* Bolts.framework */,
				221B8D875BCC4FED98640D6B /* FBSDKCoreKit.framework */,
				BE1A714C81B5406D8CB9A734 /* FBSDKLoginKit.framework */,
				42196D32BE784E6FBCB5933D /* FBSDKShareKit.framework */,
			);
			name = Frameworks;
			sourceTree = "<group>";
		};
		301BF52E109A57CC0062928A /* Products */ = {
			isa = PBXGroup;
			children = (
				301BF535109A57CC0062928A /* libCordova.a */,
			);
			name = Products;
			sourceTree = "<group>";
		};
		3047A50E1AB8057F00498E2A /* config */ = {
			isa = PBXGroup;
			children = (
				3047A50F1AB8059700498E2A /* build-debug.xcconfig */,
				3047A5101AB8059700498E2A /* build-release.xcconfig */,
				3047A5111AB8059700498E2A /* build.xcconfig */,
			);
			name = config;
			sourceTree = "<group>";
		};
		307C750510C5A3420062BCA9 /* Plugins */ = {
			isa = PBXGroup;
			children = (
				5677666A7B1441DE956FD2D5 /* FacebookConnectPlugin.m */,
				716531BB057543C49B643F40 /* CDVBattery.m */,
				DABE126BD955491C817B8963 /* CDVBattery.h */,
				57DB59363E884F6F8E9CEEB1 /* UIImage+CropScaleOrientation.m */,
				170FDABC756944D2914FBD4E /* CDVCamera.m */,
				ECF3346A70F34F8EA648F43F /* CDVJpegHeaderWriter.m */,
				7B0BF59CF6314A5D842DA8C6 /* UIImage+CropScaleOrientation.h */,
				35E4456E48B0479ABE04ED66 /* CDVCamera.h */,
				C1015849CE1141259E541C41 /* CDVJpegHeaderWriter.h */,
				3D74181346CA4DD7BB5AB735 /* CDVExif.h */,
				6BA7DCD7B16C47A0972F1D5F /* CDVLogger.m */,
				F9ACDC5E09194B13B3C45289 /* CDVLogger.h */,
				49E0A5E9DBAA4EF5801DA084 /* CDVContacts.m */,
				CFF4D6FFA94F491D8836ECD2 /* CDVContact.m */,
				A58420F9FCC6414BB08078F8 /* CDVContacts.h */,
				A40AF982EF7E4F2099DA4324 /* CDVContact.h */,
				0F80AD25124C4866B92E4098 /* CDVAccelerometer.m */,
				A53B45F6728D4951AB560DB9 /* CDVAccelerometer.h */,
				C2484E7A6F0F46758A123590 /* CDVCompass.m */,
				D391C9140FF34CA8A911DD09 /* CDVCompass.h */,
				77E45B442B3F4FB1959C2C30 /* CDVNotification.m */,
				D3CD2E258F7941F093B0CFF4 /* CDVNotification.h */,
				C5E64E6CD8FE40FDA080CAC1 /* FacebookConnectPlugin.m */,
				702A87564FCA4082917384D6 /* FacebookConnectPlugin.h */,
				47E94BC31ED446578B0D26B2 /* CDVFileTransfer.m */,
				F5FD402CAF79445BA009DA4D /* CDVFileTransfer.h */,
				EF1ABBC118534440A6E1C975 /* CDVLocation.m */,
				F5B5F3CD43C2437295AA227A /* CDVLocation.h */,
				F80ED1CC84AF49968485DE95 /* CDVGlobalization.m */,
				464ACAC42F064115A2408CE5 /* CDVGlobalization.h */,
				F00146691F0C454886D6A9CE /* CDVInAppBrowser.m */,
				4203A797EA6A4E34979FB16F /* CDVInAppBrowser.h */,
				30CA5C67C0FC4538906F0C16 /* CDVSound.m */,
				25CCB89F40AF4613AA1C286E /* CDVSound.h */,
				965CC243A636492A8F1A224F /* CDVCapture.m */,
				598A57507AB34ABD8C2724AE /* CDVCapture.h */,
				B348F4D2C6B94839ABF5799B /* CDVConnection.m */,
				D8864960C29E4F4C89E30791 /* CDVReachability.m */,
				C430700461B84CE595126F05 /* CDVConnection.h */,
				83196A1F190740E49C3AC46C /* CDVReachability.h */,
				BB264F2682BE4474BB0DEC57 /* CDVSplashScreen.m */,
				26B52D9B729F4F95AE442FC7 /* CDVViewController+SplashScreen.m */,
				BDD37DB7274542AC8631EAB0 /* CDVSplashScreen.h */,
				15AF20507E314952862C594A /* CDVViewController+SplashScreen.h */,
				8EA4D24991584BF38B780BFB /* CDVStatusBar.m */,
				E87E6B954E584E2CAC66E61E /* CDVStatusBar.h */,
				E9772F3A079A4203AE4711F4 /* CDVVibration.m */,
				8E46D0459294434E8C3A9973 /* CDVVibration.h */,
				DA23BF60C64A404FA0B1BAA4 /* APPLocalNotification.m */,
				64AD180ABB354EDA9F88AAC5 /* APPLocalNotificationOptions.m */,
				7254B6B8F52446459D0BE310 /* UNUserNotificationCenter+APPLocalNotification.m */,
				731FA9547AAE407C937522AC /* UNMutableNotificationContent+APPLocalNotification.m */,
				BF85D44D91CC40FB80719A84 /* UNNotificationRequest+APPLocalNotification.m */,
				03C3A729448A42D88BA00560 /* APPLocalNotificationOptions.ios9.m */,
				1C2D11353E2044BBA0409D13 /* UIApplication+APPLocalNotification.ios9.m */,
				AFF32A4C883E493980158B39 /* UILocalNotification+APPLocalNotification.ios9.m */,
				014C94561EBE4E5B9C7B95DC /* APPLocalNotification.h */,
				64746FF335D34FB8986D16C7 /* APPLocalNotificationOptions.h */,
				DD24FE47B20F482DBD9F2D8C /* UNUserNotificationCenter+APPLocalNotification.h */,
				699DD04CE8824D1A9E7A04FB /* UNMutableNotificationContent+APPLocalNotification.h */,
				2767DA1958D34AF79EDA445D /* UNNotificationRequest+APPLocalNotification.h */,
				5528F630F1B94DCABFA4E858 /* APPLocalNotificationOptions.ios9.h */,
				9BF22FE47239433F98164B21 /* UIApplication+APPLocalNotification.ios9.h */,
				83E96E3B1C4C455D93CAAFEE /* UILocalNotification+APPLocalNotification.ios9.h */,
				F90D4366814F49D3B990DAE5 /* AppDelegate+APPAppEvent.m */,
				4F3BD058549E471C9BF910FB /* CDVPlugin+APPAppEvent.m */,
				CB810F63A9D042F48C28DFE7 /* AppDelegate+APPAppEvent.h */,
				A9F0B30A55BB4519B3F94238 /* CDVPlugin+APPAppEvent.h */,
				9F74F215225C4151B8C17DC4 /* APPAppEventDelegate.h */,
				425771391B3842CDAFFEF970 /* CDVDevice.m */,
				DF239A6FCAD34E9AA171D5DA /* CDVDevice.h */,
				1C3863D21FFF4F65AB709601 /* CDVFile.m */,
				CD18146A23C745A0AADA6018 /* CDVLocalFilesystem.m */,
				3E45CA9CDF054824A0BCACC0 /* CDVAssetLibraryFilesystem.m */,
				881E3D151BE946B2A296AFAC /* CDVFile.h */,
				4DA60831BBB84ADB9FF5BBE8 /* CDVLocalFilesystem.h */,
				2C9A366509EA454AA64F7E6A /* CDVAssetLibraryFilesystem.h */,
			);
			name = Plugins;
			path = "Soy Zombie/Plugins";
			sourceTree = SOURCE_ROOT;
		};
		EB87FDF11871DA420020F90C /* Staging */ = {
			isa = PBXGroup;
			children = (
				F840E1F0165FE0F500CFE078 /* config.xml */,
				301BF56E109A69640062928A /* www */,
			);
			name = Staging;
			sourceTree = "<group>";
		};
/* End PBXGroup section */

/* Begin PBXNativeTarget section */
		1D6058900D05DD3D006BFB54 /* Soy Zombie */ = {
			isa = PBXNativeTarget;
			buildConfigurationList = 1D6058960D05DD3E006BFB54 /* Build configuration list for PBXNativeTarget "Soy Zombie" */;
			buildPhases = (
				304B58A110DAC018002A0835 /* Copy www directory */,
				1D60588D0D05DD3D006BFB54 /* Resources */,
				1D60588E0D05DD3D006BFB54 /* Sources */,
				1D60588F0D05DD3D006BFB54 /* Frameworks */,
			);
			buildRules = (
			);
			dependencies = (
				301BF551109A68C00062928A /* PBXTargetDependency */,
			);
			name = "Soy Zombie";
			productName = "Soy Zombie";
			productReference = 1D6058910D05DD3D006BFB54 /* Soy Zombie.app */;
			productType = "com.apple.product-type.application";
		};
/* End PBXNativeTarget section */

/* Begin PBXProject section */
		29B97313FDCFA39411CA2CEA /* Project object */ = {
			isa = PBXProject;
			attributes = {
				LastUpgradeCheck = 510;
				TargetAttributes = {
					1D6058900D05DD3D006BFB54 = {
						DevelopmentTeam = 8CJ3B567HC;
					};
				};
			};
			buildConfigurationList = C01FCF4E08A954540054247B /* Build configuration list for PBXProject "Soy Zombie" */;
			compatibilityVersion = "Xcode 3.2";
			developmentRegion = English;
			hasScannedForEncodings = 1;
			knownRegions = (
				en,
			);
			mainGroup = 29B97314FDCFA39411CA2CEA /* CustomTemplate */;
			projectDirPath = "";
			projectReferences = (
				{
					ProductGroup = 301BF52E109A57CC0062928A /* Products */;
					ProjectRef = 301BF52D109A57CC0062928A /* CordovaLib.xcodeproj */;
				},
			);
			projectRoot = "";
			targets = (
				1D6058900D05DD3D006BFB54 /* Soy Zombie */,
			);
		};
/* End PBXProject section */

/* Begin PBXReferenceProxy section */
		301BF535109A57CC0062928A /* libCordova.a */ = {
			isa = PBXReferenceProxy;
			fileType = archive.ar;
			path = libCordova.a;
			remoteRef = 301BF534109A57CC0062928A /* PBXContainerItemProxy */;
			sourceTree = BUILT_PRODUCTS_DIR;
		};
/* End PBXReferenceProxy section */

/* Begin PBXResourcesBuildPhase section */
		1D60588D0D05DD3D006BFB54 /* Resources */ = {
			isa = PBXResourcesBuildPhase;
			buildActionMask = 2147483647;
			files = (
				302D95F214D2391D003F00A1 /* MainViewController.xib in Resources */,
				0207DA581B56EA530066E2B4 /* Images.xcassets in Resources */,
				5236F713A7FE44EC8383BD41 /* CDVNotification.bundle in Resources */,
				43965845610044DC9A9E12CF /* CDVCapture.bundle in Resources */,
			);
			runOnlyForDeploymentPostprocessing = 0;
		};
/* End PBXResourcesBuildPhase section */

/* Begin PBXShellScriptBuildPhase section */
		304B58A110DAC018002A0835 /* Copy www directory */ = {
			isa = PBXShellScriptBuildPhase;
			buildActionMask = 2147483647;
			files = (
			);
			inputPaths = (
			);
			name = "Copy www directory";
			outputPaths = (
			);
			runOnlyForDeploymentPostprocessing = 0;
			shellPath = /bin/sh;
			shellScript = "NODEJS_PATH=/usr/local/bin; NVM_NODE_PATH=~/.nvm/versions/node/`nvm version 2>/dev/null`/bin; N_NODE_PATH=`find /usr/local/n/versions/node/* -maxdepth 0 -type d 2>/dev/null | tail -1`/bin; XCODE_NODE_PATH=`xcode-select --print-path`/usr/share/xcs/Node/bin; PATH=$NODEJS_PATH:$NVM_NODE_PATH:$N_NODE_PATH:$XCODE_NODE_PATH:$PATH && node cordova/lib/copy-www-build-step.js";
			showEnvVarsInLog = 0;
		};
/* End PBXShellScriptBuildPhase section */

/* Begin PBXSourcesBuildPhase section */
		1D60588E0D05DD3D006BFB54 /* Sources */ = {
			isa = PBXSourcesBuildPhase;
			buildActionMask = 2147483647;
			files = (
				1D60589B0D05DD56006BFB54 /* main.m in Sources */,
				1D3623260D0F684500981E51 /* AppDelegate.m in Sources */,
				302D95F114D2391D003F00A1 /* MainViewController.m in Sources */,
				769955C39C644866AD420DB9 /* FacebookConnectPlugin.m in Sources */,
				16968745176044679BDED488 /* CDVBattery.m in Sources */,
				5B430F0EB8BF4DC48678E4FB /* UIImage+CropScaleOrientation.m in Sources */,
				8585CF5250044D75B55413EB /* CDVCamera.m in Sources */,
				98D182968E834730B3E59869 /* CDVJpegHeaderWriter.m in Sources */,
				AD9EE2E126514D7895C9A6C3 /* CDVLogger.m in Sources */,
				D884955458FB4776A8F427FD /* CDVContacts.m in Sources */,
				2C721170AF3440D2BECCA01E /* CDVContact.m in Sources */,
				EC69AB9DA6DD49A6B2C6D734 /* CDVAccelerometer.m in Sources */,
				30ECDB5588B540A6B057462F /* CDVCompass.m in Sources */,
				6F67E36209C84CC78990C5A7 /* CDVNotification.m in Sources */,
				7B10D0014A5548FDA15A6CAB /* FacebookConnectPlugin.m in Sources */,
				B04305DBC9884BA48BADC87F /* CDVFileTransfer.m in Sources */,
				8F0B59EA944A4191998E88F5 /* CDVLocation.m in Sources */,
				1D71645CE02F458EB8CFE3C5 /* CDVGlobalization.m in Sources */,
				A426F5A74B35429CB3DBB0D8 /* CDVInAppBrowser.m in Sources */,
				766A35E9F4FA4E859EF0F995 /* CDVSound.m in Sources */,
				93406FD0A36343229466D31A /* CDVCapture.m in Sources */,
				A31EBE752C0040E69FEC8555 /* CDVConnection.m in Sources */,
				CFDBDCEB37744994B6531590 /* CDVReachability.m in Sources */,
				5BE40DE879924C9CB281E598 /* CDVSplashScreen.m in Sources */,
				A8F99A5B6F4B4ED38B19BA6C /* CDVViewController+SplashScreen.m in Sources */,
				CFD15526480E4E8199BCD20D /* CDVStatusBar.m in Sources */,
				DFCCB6A356B940338C1F77A9 /* CDVVibration.m in Sources */,
				FD6763214D034C59A46DFEDD /* APPLocalNotification.m in Sources */,
				B2DCA6792F7747D790C0C1F5 /* APPLocalNotificationOptions.m in Sources */,
				7882DFBEB18D4EF7B33D8360 /* UNUserNotificationCenter+APPLocalNotification.m in Sources */,
				A25D42F9C551495EA72E63C5 /* UNMutableNotificationContent+APPLocalNotification.m in Sources */,
				EDE84A64007A44CF8E9728E1 /* UNNotificationRequest+APPLocalNotification.m in Sources */,
				D18DFDC86A884C838F3E4EE5 /* APPLocalNotificationOptions.ios9.m in Sources */,
				E6558EF0AB65457589792E0E /* UIApplication+APPLocalNotification.ios9.m in Sources */,
				B0D3FDA6914B4423990111B5 /* UILocalNotification+APPLocalNotification.ios9.m in Sources */,
				504026E20C5049BE8334ADB4 /* AppDelegate+APPAppEvent.m in Sources */,
				FA412643D2EA43AF92CA08C1 /* CDVPlugin+APPAppEvent.m in Sources */,
				6F3260B93C7E498F94FDB383 /* CDVDevice.m in Sources */,
				E67BEE8AAD0040559411DE4D /* CDVFile.m in Sources */,
				BDE89AF664DD4F778229D380 /* CDVLocalFilesystem.m in Sources */,
				AEFB16C3EB974485BFCFB4F8 /* CDVAssetLibraryFilesystem.m in Sources */,
			);
			runOnlyForDeploymentPostprocessing = 0;
		};
/* End PBXSourcesBuildPhase section */

/* Begin PBXTargetDependency section */
		301BF551109A68C00062928A /* PBXTargetDependency */ = {
			isa = PBXTargetDependency;
			name = CordovaLib;
			targetProxy = 301BF550109A68C00062928A /* PBXContainerItemProxy */;
		};
/* End PBXTargetDependency section */

/* Begin XCBuildConfiguration section */
		1D6058940D05DD3E006BFB54 /* Debug */ = {
			isa = XCBuildConfiguration;
			baseConfigurationReference = 3047A50F1AB8059700498E2A /* build-debug.xcconfig */;
			buildSettings = {
				ALWAYS_SEARCH_USER_PATHS = NO;
				ASSETCATALOG_COMPILER_APPICON_NAME = AppIcon;
				ASSETCATALOG_COMPILER_LAUNCHIMAGE_NAME = LaunchImage;
				CLANG_ENABLE_MODULES = YES;
				CLANG_ENABLE_OBJC_ARC = YES;
				COPY_PHASE_STRIP = NO;
				DEVELOPMENT_TEAM = 8CJ3B567HC;
				FRAMEWORK_SEARCH_PATHS = (
					"$(inherited)",
					"\"Soy Zombie/Plugins/com.phonegap.plugins.facebookconnect\"",
					"\"Soy Zombie/Plugins/com.phonegap.plugins.facebookconnect\"",
					"\"Soy Zombie/Plugins/com.phonegap.plugins.facebookconnect\"",
					"\"Soy Zombie/Plugins/com.phonegap.plugins.facebookconnect\"",
					"\"Soy Zombie/Plugins/cordova-plugin-facebook4\"",
					"\"Soy Zombie/Plugins/cordova-plugin-facebook4\"",
					"\"Soy Zombie/Plugins/cordova-plugin-facebook4\"",
					"\"Soy Zombie/Plugins/cordova-plugin-facebook4\"",
					"\"Soy Zombie/Plugins/com.phonegap.plugins.facebookconnect\"",
					"\"Soy Zombie/Plugins/com.phonegap.plugins.facebookconnect\"",
					"\"Soy Zombie/Plugins/com.phonegap.plugins.facebookconnect\"",
					"\"Soy Zombie/Plugins/cordova-plugin-facebook4\"",
					"\"Soy Zombie/Plugins/cordova-plugin-facebook4\"",
					"\"Soy Zombie/Plugins/cordova-plugin-facebook4\"",
					"\"Soy Zombie/Plugins/cordova-plugin-facebook4\"",
				);
				GCC_DYNAMIC_NO_PIC = NO;
				GCC_OPTIMIZATION_LEVEL = 0;
				GCC_PRECOMPILE_PREFIX_HEADER = YES;
				GCC_PREFIX_HEADER = "Soy Zombie/Soy Zombie-Prefix.pch";
				GCC_THUMB_SUPPORT = NO;
				GCC_VERSION = "";
				INFOPLIST_FILE = "Soy Zombie/Soy Zombie-Info.plist";
				LD_RUNPATH_SEARCH_PATHS = "@executable_path/Frameworks";
				PRODUCT_NAME = "Soy Zombie";
			};
			name = Debug;
		};
		1D6058950D05DD3E006BFB54 /* Release */ = {
			isa = XCBuildConfiguration;
			baseConfigurationReference = 3047A5101AB8059700498E2A /* build-release.xcconfig */;
			buildSettings = {
				ALWAYS_SEARCH_USER_PATHS = NO;
				ASSETCATALOG_COMPILER_APPICON_NAME = AppIcon;
				ASSETCATALOG_COMPILER_LAUNCHIMAGE_NAME = LaunchImage;
				CLANG_ENABLE_MODULES = YES;
				CLANG_ENABLE_OBJC_ARC = YES;
				COPY_PHASE_STRIP = YES;
				DEVELOPMENT_TEAM = 8CJ3B567HC;
				FRAMEWORK_SEARCH_PATHS = (
					"$(inherited)",
					"\"Soy Zombie/Plugins/com.phonegap.plugins.facebookconnect\"",
					"\"Soy Zombie/Plugins/com.phonegap.plugins.facebookconnect\"",
					"\"Soy Zombie/Plugins/com.phonegap.plugins.facebookconnect\"",
					"\"Soy Zombie/Plugins/com.phonegap.plugins.facebookconnect\"",
					"\"Soy Zombie/Plugins/cordova-plugin-facebook4\"",
					"\"Soy Zombie/Plugins/cordova-plugin-facebook4\"",
					"\"Soy Zombie/Plugins/cordova-plugin-facebook4\"",
					"\"Soy Zombie/Plugins/cordova-plugin-facebook4\"",
					"\"Soy Zombie/Plugins/com.phonegap.plugins.facebookconnect\"",
					"\"Soy Zombie/Plugins/com.phonegap.plugins.facebookconnect\"",
					"\"Soy Zombie/Plugins/com.phonegap.plugins.facebookconnect\"",
					"\"Soy Zombie/Plugins/cordova-plugin-facebook4\"",
					"\"Soy Zombie/Plugins/cordova-plugin-facebook4\"",
					"\"Soy Zombie/Plugins/cordova-plugin-facebook4\"",
					"\"Soy Zombie/Plugins/cordova-plugin-facebook4\"",
				);
				GCC_PRECOMPILE_PREFIX_HEADER = YES;
				GCC_PREFIX_HEADER = "Soy Zombie/Soy Zombie-Prefix.pch";
				GCC_THUMB_SUPPORT = NO;
				GCC_VERSION = "";
				INFOPLIST_FILE = "Soy Zombie/Soy Zombie-Info.plist";
				PRODUCT_NAME = "Soy Zombie";
			};
			name = Release;
		};
		C01FCF4F08A954540054247B /* Debug */ = {
			isa = XCBuildConfiguration;
			baseConfigurationReference = 3047A5111AB8059700498E2A /* build.xcconfig */;
			buildSettings = {
				CLANG_ENABLE_MODULES = YES;
				CLANG_ENABLE_OBJC_ARC = YES;
				CLANG_WARN_BOOL_CONVERSION = YES;
				CLANG_WARN_CONSTANT_CONVERSION = YES;
				CLANG_WARN_EMPTY_BODY = YES;
				CLANG_WARN_ENUM_CONVERSION = YES;
				CLANG_WARN_INT_CONVERSION = YES;
				CLANG_WARN__DUPLICATE_METHOD_MATCH = YES;
				GCC_C_LANGUAGE_STANDARD = c99;
				GCC_THUMB_SUPPORT = NO;
				GCC_VERSION = "";
				GCC_WARN_ABOUT_RETURN_TYPE = YES;
				GCC_WARN_UNDECLARED_SELECTOR = YES;
				GCC_WARN_UNINITIALIZED_AUTOS = YES;
				GCC_WARN_UNUSED_FUNCTION = YES;
				GCC_WARN_UNUSED_VARIABLE = YES;
				ONLY_ACTIVE_ARCH = YES;
				SDKROOT = iphoneos;
				SKIP_INSTALL = NO;
			};
			name = Debug;
		};
		C01FCF5008A954540054247B /* Release */ = {
			isa = XCBuildConfiguration;
			baseConfigurationReference = 3047A5111AB8059700498E2A /* build.xcconfig */;
			buildSettings = {
				CLANG_ENABLE_MODULES = YES;
				CLANG_ENABLE_OBJC_ARC = YES;
				CLANG_WARN_BOOL_CONVERSION = YES;
				CLANG_WARN_CONSTANT_CONVERSION = YES;
				CLANG_WARN_EMPTY_BODY = YES;
				CLANG_WARN_ENUM_CONVERSION = YES;
				CLANG_WARN_INT_CONVERSION = YES;
				CLANG_WARN__DUPLICATE_METHOD_MATCH = YES;
				GCC_C_LANGUAGE_STANDARD = c99;
				GCC_THUMB_SUPPORT = NO;
				GCC_VERSION = "";
				GCC_WARN_ABOUT_RETURN_TYPE = YES;
				GCC_WARN_UNDECLARED_SELECTOR = YES;
				GCC_WARN_UNINITIALIZED_AUTOS = YES;
				GCC_WARN_UNUSED_FUNCTION = YES;
				GCC_WARN_UNUSED_VARIABLE = YES;
				SDKROOT = iphoneos;
				SKIP_INSTALL = NO;
			};
			name = Release;
		};
/* End XCBuildConfiguration section */

/* Begin XCConfigurationList section */
		1D6058960D05DD3E006BFB54 /* Build configuration list for PBXNativeTarget "Soy Zombie" */ = {
			isa = XCConfigurationList;
			buildConfigurations = (
				1D6058940D05DD3E006BFB54 /* Debug */,
				1D6058950D05DD3E006BFB54 /* Release */,
			);
			defaultConfigurationIsVisible = 0;
			defaultConfigurationName = Release;
		};
		C01FCF4E08A954540054247B /* Build configuration list for PBXProject "Soy Zombie" */ = {
			isa = XCConfigurationList;
			buildConfigurations = (
				C01FCF4F08A954540054247B /* Debug */,
				C01FCF5008A954540054247B /* Release */,
			);
			defaultConfigurationIsVisible = 0;
			defaultConfigurationName = Release;
		};
/* End XCConfigurationList section */
	};
	rootObject = 29B97313FDCFA39411CA2CEA /* Project object */;
}
